
Microsoft Visual Studio Solution File, Format Version 12.00
# Visual Studio Version 17
VisualStudioVersion = 17.3.32929.385
MinimumVisualStudioVersion = 10.0.40219.1
Project("{FAE04EC0-301F-11D3-BF4B-00C04F79EFBC}") = "Ex02_Othelo", "Ex02_Othelo\Ex02_Othelo.csproj", "{83F9ED34-CADD-4829-A713-4168219F1696}"
EndProject
Global
	GlobalSection(SolutionConfigurationPlatforms) = preSolution
		Debug|Any CPU = Debug|Any CPU
		Release|Any CPU = Release|Any CPU
	EndGlobalSection
	GlobalSection(ProjectConfigurationPlatforms) = postSolution
		{83F9ED34-CADD-4829-A713-4168219F1696}.Debug|Any CPU.ActiveCfg = Debug|Any CPU
		{83F9ED34-CADD-4829-A713-4168219F1696}.Debug|Any CPU.Build.0 = Debug|Any CPU
		{83F9ED34-CADD-4829-A713-4168219F1696}.Release|Any CPU.ActiveCfg = Release|Any CPU
		{83F9ED34-CADD-4829-A713-4168219F1696}.Release|Any CPU.Build.0 = Release|Any CPU
	EndGlobalSection
	GlobalSection(SolutionProperties) = preSolution
		HideSolutionNode = FALSE
	EndGlobalSection
	GlobalSection(ExtensibilityGlobals) = postSolution
		SolutionGuid = {6B1166C0-6AD6-4A5E-A6AE-DBA55C52794F}
	EndGlobalSection
EndGlobal
